
Microsoft Visual Studio Solution File, Format Version 12.00
# Visual Studio Version 16
VisualStudioVersion = 16.0.29728.190
MinimumVisualStudioVersion = 10.0.40219.1
Project("{FAE04EC0-301F-11D3-BF4B-00C04F79EFBC}") = "MvcMovie", "MvcMovie.csproj", "{2D4E55BF-8B8D-491C-AA4A-87BF82D99CE3}"
EndProject
Global
	GlobalSection(SolutionConfigurationPlatforms) = preSolution
		Debug|Any CPU = Debug|Any CPU
		Release|Any CPU = Release|Any CPU
	EndGlobalSection
	GlobalSection(ProjectConfigurationPlatforms) = postSolution
		{2D4E55BF-8B8D-491C-AA4A-87BF82D99CE3}.Debug|Any CPU.ActiveCfg = Debug|Any CPU
		{2D4E55BF-8B8D-491C-AA4A-87BF82D99CE3}.Debug|Any CPU.Build.0 = Debug|Any CPU
		{2D4E55BF-8B8D-491C-AA4A-87BF82D99CE3}.Release|Any CPU.ActiveCfg = Release|Any CPU
		{2D4E55BF-8B8D-491C-AA4A-87BF82D99CE3}.Release|Any CPU.Build.0 = Release|Any CPU
	EndGlobalSection
	GlobalSection(SolutionProperties) = preSolution
		HideSolutionNode = FALSE
	EndGlobalSection
	GlobalSection(ExtensibilityGlobals) = postSolution
		SolutionGuid = {B83C1255-21F2-462B-94C3-137B7D91E10E}
	EndGlobalSection
EndGlobal
